// !$*UTF8*$!
{
	archiveVersion = 1;
	classes = {
	};
	objectVersion = 56;
	objects = {

/* Begin PBXBuildFile section */
		5E1ACD812A3EF68200ADA17B /* ContactListRealmApp.swift in Sources */ = {isa = PBXBuildFile; fileRef = 5E1ACD802A3EF68200ADA17B /* ContactListRealmApp.swift */; };
		5E1ACD832A3EF68200ADA17B /* ContentView.swift in Sources */ = {isa = PBXBuildFile; fileRef = 5E1ACD822A3EF68200ADA17B /* ContentView.swift */; };
		5E1ACD852A3EF68300ADA17B /* Assets.xcassets in Resources */ = {isa = PBXBuildFile; fileRef = 5E1ACD842A3EF68300ADA17B /* Assets.xcassets */; };
		5E1ACD882A3EF68300ADA17B /* Preview Assets.xcassets in Resources */ = {isa = PBXBuildFile; fileRef = 5E1ACD872A3EF68300ADA17B /* Preview Assets.xcassets */; };
		5E1ACD932A3EF8A800ADA17B /* Contact.swift in Sources */ = {isa = PBXBuildFile; fileRef = 5E1ACD922A3EF8A800ADA17B /* Contact.swift */; };
		5E1ACD952A3EFC5C00ADA17B /* ContactCell.swift in Sources */ = {isa = PBXBuildFile; fileRef = 5E1ACD942A3EFC5C00ADA17B /* ContactCell.swift */; };
		5E1ACD972A3F046300ADA17B /* UIApllication + Extension.swift in Sources */ = {isa = PBXBuildFile; fileRef = 5E1ACD962A3F046300ADA17B /* UIApllication + Extension.swift */; };
		5E1ACD9A2A3F2A1700ADA17B /* Realm in Frameworks */ = {isa = PBXBuildFile; productRef = 5E1ACD992A3F2A1700ADA17B /* Realm */; };
		5E1ACD9C2A3F2A1700ADA17B /* RealmSwift in Frameworks */ = {isa = PBXBuildFile; productRef = 5E1ACD9B2A3F2A1700ADA17B /* RealmSwift */; };
		5E1ACDA02A3F2B3300ADA17B /* DatabaseManager.swift in Sources */ = {isa = PBXBuildFile; fileRef = 5E1ACD9F2A3F2B3300ADA17B /* DatabaseManager.swift */; };
		5EDDF6F22A4F6EEF00CC8BBA /* Screenshot2.png in Resources */ = {isa = PBXBuildFile; fileRef = 5EDDF6F02A4F6EEF00CC8BBA /* Screenshot2.png */; };
		5EDDF6F32A4F6EEF00CC8BBA /* Screenshot1.png in Resources */ = {isa = PBXBuildFile; fileRef = 5EDDF6F12A4F6EEF00CC8BBA /* Screenshot1.png */; };
/* End PBXBuildFile section */

/* Begin PBXFileReference section */
		5E1ACD7D2A3EF68200ADA17B /* ContactListRealm.app */ = {isa = PBXFileReference; explicitFileType = wrapper.application; includeInIndex = 0; path = ContactListRealm.app; sourceTree = BUILT_PRODUCTS_DIR; };
		5E1ACD802A3EF68200ADA17B /* ContactListRealmApp.swift */ = {isa = PBXFileReference; lastKnownFileType = sourcecode.swift; path = ContactListRealmApp.swift; sourceTree = "<group>"; };
		5E1ACD822A3EF68200ADA17B /* ContentView.swift */ = {isa = PBXFileReference; lastKnownFileType = sourcecode.swift; path = ContentView.swift; sourceTree = "<group>"; };
		5E1ACD842A3EF68300ADA17B /* Assets.xcassets */ = {isa = PBXFileReference; lastKnownFileType = folder.assetcatalog; path = Assets.xcassets; sourceTree = "<group>"; };
		5E1ACD872A3EF68300ADA17B /* Preview Assets.xcassets */ = {isa = PBXFileReference; lastKnownFileType = folder.assetcatalog; path = "Preview Assets.xcassets"; sourceTree = "<group>"; };
		5E1ACD922A3EF8A800ADA17B /* Contact.swift */ = {isa = PBXFileReference; lastKnownFileType = sourcecode.swift; path = Contact.swift; sourceTree = "<group>"; };
		5E1ACD942A3EFC5C00ADA17B /* ContactCell.swift */ = {isa = PBXFileReference; lastKnownFileType = sourcecode.swift; path = ContactCell.swift; sourceTree = "<group>"; };
		5E1ACD962A3F046300ADA17B /* UIApllication + Extension.swift */ = {isa = PBXFileReference; lastKnownFileType = sourcecode.swift; path = "UIApllication + Extension.swift"; sourceTree = "<group>"; };
		5E1ACD9F2A3F2B3300ADA17B /* DatabaseManager.swift */ = {isa = PBXFileReference; lastKnownFileType = sourcecode.swift; path = DatabaseManager.swift; sourceTree = "<group>"; };
		5EDDF6F02A4F6EEF00CC8BBA /* Screenshot2.png */ = {isa = PBXFileReference; lastKnownFileType = image.png; path = Screenshot2.png; sourceTree = "<group>"; };
		5EDDF6F12A4F6EEF00CC8BBA /* Screenshot1.png */ = {isa = PBXFileReference; lastKnownFileType = image.png; path = Screenshot1.png; sourceTree = "<group>"; };
/* End PBXFileReference section */

/* Begin PBXFrameworksBuildPhase section */
		5E1ACD7A2A3EF68200ADA17B /* Frameworks */ = {
			isa = PBXFrameworksBuildPhase;
			buildActionMask = 2147483647;
			files = (
				5E1ACD9C2A3F2A1700ADA17B /* RealmSwift in Frameworks */,
				5E1ACD9A2A3F2A1700ADA17B /* Realm in Frameworks */,
			);
			runOnlyForDeploymentPostprocessing = 0;
		};
/* End PBXFrameworksBuildPhase section */

/* Begin PBXGroup section */
		5E1ACD742A3EF68200ADA17B = {
			isa = PBXGroup;
			children = (
				5E1ACD7F2A3EF68200ADA17B /* ContactListRealm */,
				5E1ACD7E2A3EF68200ADA17B /* Products */,
			);
			sourceTree = "<group>";
		};
		5E1ACD7E2A3EF68200ADA17B /* Products */ = {
			isa = PBXGroup;
			children = (
				5E1ACD7D2A3EF68200ADA17B /* ContactListRealm.app */,
			);
			name = Products;
			sourceTree = "<group>";
		};
		5E1ACD7F2A3EF68200ADA17B /* ContactListRealm */ = {
			isa = PBXGroup;
			children = (
				5E1ACD902A3EF6B400ADA17B /* Model */,
				5E1ACDA12A3F36F000ADA17B /* Service */,
				5E1ACD912A3EF6D400ADA17B /* View */,
				5E1ACD8E2A3EF69700ADA17B /* Extensions */,
				5E1ACD802A3EF68200ADA17B /* ContactListRealmApp.swift */,
				5E1ACD842A3EF68300ADA17B /* Assets.xcassets */,
				5E1ACDA22A3F3C8E00ADA17B /* Screenshots */,
				5E1ACD862A3EF68300ADA17B /* Preview Content */,
			);
			path = ContactListRealm;
			sourceTree = "<group>";
		};
		5E1ACD862A3EF68300ADA17B /* Preview Content */ = {
			isa = PBXGroup;
			children = (
				5E1ACD872A3EF68300ADA17B /* Preview Assets.xcassets */,
			);
			path = "Preview Content";
			sourceTree = "<group>";
		};
		5E1ACD8E2A3EF69700ADA17B /* Extensions */ = {
			isa = PBXGroup;
			children = (
				5E1ACD962A3F046300ADA17B /* UIApllication + Extension.swift */,
			);
			path = Extensions;
			sourceTree = "<group>";
		};
		5E1ACD902A3EF6B400ADA17B /* Model */ = {
			isa = PBXGroup;
			children = (
				5E1ACD922A3EF8A800ADA17B /* Contact.swift */,
			);
			path = Model;
			sourceTree = "<group>";
		};
		5E1ACD912A3EF6D400ADA17B /* View */ = {
			isa = PBXGroup;
			children = (
				5E1ACD822A3EF68200ADA17B /* ContentView.swift */,
				5E1ACD942A3EFC5C00ADA17B /* ContactCell.swift */,
			);
			path = View;
			sourceTree = "<group>";
		};
		5E1ACDA12A3F36F000ADA17B /* Service */ = {
			isa = PBXGroup;
			children = (
				5E1ACD9F2A3F2B3300ADA17B /* DatabaseManager.swift */,
			);
			path = Service;
			sourceTree = "<group>";
		};
		5E1ACDA22A3F3C8E00ADA17B /* Screenshots */ = {
			isa = PBXGroup;
			children = (
				5EDDF6F12A4F6EEF00CC8BBA /* Screenshot1.png */,
				5EDDF6F02A4F6EEF00CC8BBA /* Screenshot2.png */,
			);
			path = Screenshots;
			sourceTree = "<group>";
		};
/* End PBXGroup section */

/* Begin PBXNativeTarget section */
		5E1ACD7C2A3EF68200ADA17B /* ContactListRealm */ = {
			isa = PBXNativeTarget;
			buildConfigurationList = 5E1ACD8B2A3EF68300ADA17B /* Build configuration list for PBXNativeTarget "ContactListRealm" */;
			buildPhases = (
				5E1ACD792A3EF68200ADA17B /* Sources */,
				5E1ACD7A2A3EF68200ADA17B /* Frameworks */,
				5E1ACD7B2A3EF68200ADA17B /* Resources */,
			);
			buildRules = (
			);
			dependencies = (
			);
			name = ContactListRealm;
			packageProductDependencies = (
				5E1ACD992A3F2A1700ADA17B /* Realm */,
				5E1ACD9B2A3F2A1700ADA17B /* RealmSwift */,
			);
			productName = ContactListRealm;
			productReference = 5E1ACD7D2A3EF68200ADA17B /* ContactListRealm.app */;
			productType = "com.apple.product-type.application";
		};
/* End PBXNativeTarget section */

/* Begin PBXProject section */
		5E1ACD752A3EF68200ADA17B /* Project object */ = {
			isa = PBXProject;
			attributes = {
				BuildIndependentTargetsInParallel = 1;
				LastSwiftUpdateCheck = 1430;
				LastUpgradeCheck = 1430;
				TargetAttributes = {
					5E1ACD7C2A3EF68200ADA17B = {
						CreatedOnToolsVersion = 14.3.1;
					};
				};
			};
			buildConfigurationList = 5E1ACD782A3EF68200ADA17B /* Build configuration list for PBXProject "ContactListRealm" */;
			compatibilityVersion = "Xcode 14.0";
			developmentRegion = en;
			hasScannedForEncodings = 0;
			knownRegions = (
				en,
				Base,
			);
			mainGroup = 5E1ACD742A3EF68200ADA17B;
			packageReferences = (
				5E1ACD982A3F2A1700ADA17B /* XCRemoteSwiftPackageReference "realm-swift" */,
			);
			productRefGroup = 5E1ACD7E2A3EF68200ADA17B /* Products */;
			projectDirPath = "";
			projectRoot = "";
			targets = (
				5E1ACD7C2A3EF68200ADA17B /* ContactListRealm */,
			);
		};
/* End PBXProject section */

/* Begin PBXResourcesBuildPhase section */
		5E1ACD7B2A3EF68200ADA17B /* Resources */ = {
			isa = PBXResourcesBuildPhase;
			buildActionMask = 2147483647;
			files = (
				5EDDF6F22A4F6EEF00CC8BBA /* Screenshot2.png in Resources */,
				5EDDF6F32A4F6EEF00CC8BBA /* Screenshot1.png in Resources */,
				5E1ACD882A3EF68300ADA17B /* Preview Assets.xcassets in Resources */,
				5E1ACD852A3EF68300ADA17B /* Assets.xcassets in Resources */,
			);
			runOnlyForDeploymentPostprocessing = 0;
		};
/* End PBXResourcesBuildPhase section */

/* Begin PBXSourcesBuildPhase section */
		5E1ACD792A3EF68200ADA17B /* Sources */ = {
			isa = PBXSourcesBuildPhase;
			buildActionMask = 2147483647;
			files = (
				5E1ACD952A3EFC5C00ADA17B /* ContactCell.swift in Sources */,
				5E1ACD932A3EF8A800ADA17B /* Contact.swift in Sources */,
				5E1ACDA02A3F2B3300ADA17B /* DatabaseManager.swift in Sources */,
				5E1ACD832A3EF68200ADA17B /* ContentView.swift in Sources */,
				5E1ACD812A3EF68200ADA17B /* ContactListRealmApp.swift in Sources */,
				5E1ACD972A3F046300ADA17B /* UIApllication + Extension.swift in Sources */,
			);
			runOnlyForDeploymentPostprocessing = 0;
		};
/* End PBXSourcesBuildPhase section */

/* Begin XCBuildConfiguration section */
		5E1ACD892A3EF68300ADA17B /* Debug */ = {
			isa = XCBuildConfiguration;
			buildSettings = {
				ALWAYS_SEARCH_USER_PATHS = NO;
				CLANG_ANALYZER_NONNULL = YES;
				CLANG_ANALYZER_NUMBER_OBJECT_CONVERSION = YES_AGGRESSIVE;
				CLANG_CXX_LANGUAGE_STANDARD = "gnu++20";
				CLANG_ENABLE_MODULES = YES;
				CLANG_ENABLE_OBJC_ARC = YES;
				CLANG_ENABLE_OBJC_WEAK = YES;
				CLANG_WARN_BLOCK_CAPTURE_AUTORELEASING = YES;
				CLANG_WARN_BOOL_CONVERSION = YES;
				CLANG_WARN_COMMA = YES;
				CLANG_WARN_CONSTANT_CONVERSION = YES;
				CLANG_WARN_DEPRECATED_OBJC_IMPLEMENTATIONS = YES;
				CLANG_WARN_DIRECT_OBJC_ISA_USAGE = YES_ERROR;
				CLANG_WARN_DOCUMENTATION_COMMENTS = YES;
				CLANG_WARN_EMPTY_BODY = YES;
				CLANG_WARN_ENUM_CONVERSION = YES;
				CLANG_WARN_INFINITE_RECURSION = YES;
				CLANG_WARN_INT_CONVERSION = YES;
				CLANG_WARN_NON_LITERAL_NULL_CONVERSION = YES;
				CLANG_WARN_OBJC_IMPLICIT_RETAIN_SELF = YES;
				CLANG_WARN_OBJC_LITERAL_CONVERSION = YES;
				CLANG_WARN_OBJC_ROOT_CLASS = YES_ERROR;
				CLANG_WARN_QUOTED_INCLUDE_IN_FRAMEWORK_HEADER = YES;
				CLANG_WARN_RANGE_LOOP_ANALYSIS = YES;
				CLANG_WARN_STRICT_PROTOTYPES = YES;
				CLANG_WARN_SUSPICIOUS_MOVE = YES;
				CLANG_WARN_UNGUARDED_AVAILABILITY = YES_AGGRESSIVE;
				CLANG_WARN_UNREACHABLE_CODE = YES;
				CLANG_WARN__DUPLICATE_METHOD_MATCH = YES;
				COPY_PHASE_STRIP = NO;
				DEBUG_INFORMATION_FORMAT = dwarf;
				ENABLE_STRICT_OBJC_MSGSEND = YES;
				ENABLE_TESTABILITY = YES;
				GCC_C_LANGUAGE_STANDARD = gnu11;
				GCC_DYNAMIC_NO_PIC = NO;
				GCC_NO_COMMON_BLOCKS = YES;
				GCC_OPTIMIZATION_LEVEL = 0;
				GCC_PREPROCESSOR_DEFINITIONS = (
					"DEBUG=1",
					"$(inherited)",
				);
				GCC_WARN_64_TO_32_BIT_CONVERSION = YES;
				GCC_WARN_ABOUT_RETURN_TYPE = YES_ERROR;
				GCC_WARN_UNDECLARED_SELECTOR = YES;
				GCC_WARN_UNINITIALIZED_AUTOS = YES_AGGRESSIVE;
				GCC_WARN_UNUSED_FUNCTION = YES;
				GCC_WARN_UNUSED_VARIABLE = YES;
				IPHONEOS_DEPLOYMENT_TARGET = 16.4;
				MTL_ENABLE_DEBUG_INFO = INCLUDE_SOURCE;
				MTL_FAST_MATH = YES;
				ONLY_ACTIVE_ARCH = YES;
				SDKROOT = iphoneos;
				SWIFT_ACTIVE_COMPILATION_CONDITIONS = DEBUG;
				SWIFT_OPTIMIZATION_LEVEL = "-Onone";
			};
			name = Debug;
		};
		5E1ACD8A2A3EF68300ADA17B /* Release */ = {
			isa = XCBuildConfiguration;
			buildSettings = {
				ALWAYS_SEARCH_USER_PATHS = NO;
				CLANG_ANALYZER_NONNULL = YES;
				CLANG_ANALYZER_NUMBER_OBJECT_CONVERSION = YES_AGGRESSIVE;
				CLANG_CXX_LANGUAGE_STANDARD = "gnu++20";
				CLANG_ENABLE_MODULES = YES;
				CLANG_ENABLE_OBJC_ARC = YES;
				CLANG_ENABLE_OBJC_WEAK = YES;
				CLANG_WARN_BLOCK_CAPTURE_AUTORELEASING = YES;
				CLANG_WARN_BOOL_CONVERSION = YES;
				CLANG_WARN_COMMA = YES;
				CLANG_WARN_CONSTANT_CONVERSION = YES;
				CLANG_WARN_DEPRECATED_OBJC_IMPLEMENTATIONS = YES;
				CLANG_WARN_DIRECT_OBJC_ISA_USAGE = YES_ERROR;
				CLANG_WARN_DOCUMENTATION_COMMENTS = YES;
				CLANG_WARN_EMPTY_BODY = YES;
				CLANG_WARN_ENUM_CONVERSION = YES;
				CLANG_WARN_INFINITE_RECURSION = YES;
				CLANG_WARN_INT_CONVERSION = YES;
				CLANG_WARN_NON_LITERAL_NULL_CONVERSION = YES;
				CLANG_WARN_OBJC_IMPLICIT_RETAIN_SELF = YES;
				CLANG_WARN_OBJC_LITERAL_CONVERSION = YES;
				CLANG_WARN_OBJC_ROOT_CLASS = YES_ERROR;
				CLANG_WARN_QUOTED_INCLUDE_IN_FRAMEWORK_HEADER = YES;
				CLANG_WARN_RANGE_LOOP_ANALYSIS = YES;
				CLANG_WARN_STRICT_PROTOTYPES = YES;
				CLANG_WARN_SUSPICIOUS_MOVE = YES;
				CLANG_WARN_UNGUARDED_AVAILABILITY = YES_AGGRESSIVE;
				CLANG_WARN_UNREACHABLE_CODE = YES;
				CLANG_WARN__DUPLICATE_METHOD_MATCH = YES;
				COPY_PHASE_STRIP = NO;
				DEBUG_INFORMATION_FORMAT = "dwarf-with-dsym";
				ENABLE_NS_ASSERTIONS = NO;
				ENABLE_STRICT_OBJC_MSGSEND = YES;
				GCC_C_LANGUAGE_STANDARD = gnu11;
				GCC_NO_COMMON_BLOCKS = YES;
				GCC_WARN_64_TO_32_BIT_CONVERSION = YES;
				GCC_WARN_ABOUT_RETURN_TYPE = YES_ERROR;
				GCC_WARN_UNDECLARED_SELECTOR = YES;
				GCC_WARN_UNINITIALIZED_AUTOS = YES_AGGRESSIVE;
				GCC_WARN_UNUSED_FUNCTION = YES;
				GCC_WARN_UNUSED_VARIABLE = YES;
				IPHONEOS_DEPLOYMENT_TARGET = 16.4;
				MTL_ENABLE_DEBUG_INFO = NO;
				MTL_FAST_MATH = YES;
				SDKROOT = iphoneos;
				SWIFT_COMPILATION_MODE = wholemodule;
				SWIFT_OPTIMIZATION_LEVEL = "-O";
				VALIDATE_PRODUCT = YES;
			};
			name = Release;
		};
		5E1ACD8C2A3EF68300ADA17B /* Debug */ = {
			isa = XCBuildConfiguration;
			buildSettings = {
				ASSETCATALOG_COMPILER_APPICON_NAME = AppIcon;
				ASSETCATALOG_COMPILER_GLOBAL_ACCENT_COLOR_NAME = AccentColor;
				CODE_SIGN_STYLE = Automatic;
				CURRENT_PROJECT_VERSION = 1;
				DEVELOPMENT_ASSET_PATHS = "\"ContactListRealm/Preview Content\"";
				DEVELOPMENT_TEAM = GN62DQ3ZM4;
				ENABLE_PREVIEWS = YES;
				GENERATE_INFOPLIST_FILE = YES;
				INFOPLIST_KEY_UIApplicationSceneManifest_Generation = YES;
				INFOPLIST_KEY_UIApplicationSupportsIndirectInputEvents = YES;
				INFOPLIST_KEY_UILaunchScreen_Generation = YES;
				INFOPLIST_KEY_UISupportedInterfaceOrientations_iPad = "UIInterfaceOrientationPortrait UIInterfaceOrientationPortraitUpsideDown UIInterfaceOrientationLandscapeLeft UIInterfaceOrientationLandscapeRight";
				INFOPLIST_KEY_UISupportedInterfaceOrientations_iPhone = "UIInterfaceOrientationPortrait UIInterfaceOrientationLandscapeLeft UIInterfaceOrientationLandscapeRight";
				LD_RUNPATH_SEARCH_PATHS = (
					"$(inherited)",
					"@executable_path/Frameworks",
				);
				MARKETING_VERSION = 1.0;
				PRODUCT_BUNDLE_IDENTIFIER = com.valentynpotapov.ContactListRealm;
				PRODUCT_NAME = "$(TARGET_NAME)";
				SWIFT_EMIT_LOC_STRINGS = YES;
				SWIFT_VERSION = 5.0;
				TARGETED_DEVICE_FAMILY = "1,2";
			};
			name = Debug;
		};
		5E1ACD8D2A3EF68300ADA17B /* Release */ = {
			isa = XCBuildConfiguration;
			buildSettings = {
				ASSETCATALOG_COMPILER_APPICON_NAME = AppIcon;
				ASSETCATALOG_COMPILER_GLOBAL_ACCENT_COLOR_NAME = AccentColor;
				CODE_SIGN_STYLE = Automatic;
				CURRENT_PROJECT_VERSION = 1;
				DEVELOPMENT_ASSET_PATHS = "\"ContactListRealm/Preview Content\"";
				DEVELOPMENT_TEAM = GN62DQ3ZM4;
				ENABLE_PREVIEWS = YES;
				GENERATE_INFOPLIST_FILE = YES;
				INFOPLIST_KEY_UIApplicationSceneManifest_Generation = YES;
				INFOPLIST_KEY_UIApplicationSupportsIndirectInputEvents = YES;
				INFOPLIST_KEY_UILaunchScreen_Generation = YES;
				INFOPLIST_KEY_UISupportedInterfaceOrientations_iPad = "UIInterfaceOrientationPortrait UIInterfaceOrientationPortraitUpsideDown UIInterfaceOrientationLandscapeLeft UIInterfaceOrientationLandscapeRight";
				INFOPLIST_KEY_UISupportedInterfaceOrientations_iPhone = "UIInterfaceOrientationPortrait UIInterfaceOrientationLandscapeLeft UIInterfaceOrientationLandscapeRight";
				LD_RUNPATH_SEARCH_PATHS = (
					"$(inherited)",
					"@executable_path/Frameworks",
				);
				MARKETING_VERSION = 1.0;
				PRODUCT_BUNDLE_IDENTIFIER = com.valentynpotapov.ContactListRealm;
				PRODUCT_NAME = "$(TARGET_NAME)";
				SWIFT_EMIT_LOC_STRINGS = YES;
				SWIFT_VERSION = 5.0;
				TARGETED_DEVICE_FAMILY = "1,2";
			};
			name = Release;
		};
/* End XCBuildConfiguration section */

/* Begin XCConfigurationList section */
		5E1ACD782A3EF68200ADA17B /* Build configuration list for PBXProject "ContactListRealm" */ = {
			isa = XCConfigurationList;
			buildConfigurations = (
				5E1ACD892A3EF68300ADA17B /* Debug */,
				5E1ACD8A2A3EF68300ADA17B /* Release */,
			);
			defaultConfigurationIsVisible = 0;
			defaultConfigurationName = Release;
		};
		5E1ACD8B2A3EF68300ADA17B /* Build configuration list for PBXNativeTarget "ContactListRealm" */ = {
			isa = XCConfigurationList;
			buildConfigurations = (
				5E1ACD8C2A3EF68300ADA17B /* Debug */,
				5E1ACD8D2A3EF68300ADA17B /* Release */,
			);
			defaultConfigurationIsVisible = 0;
			defaultConfigurationName = Release;
		};
/* End XCConfigurationList section */

/* Begin XCRemoteSwiftPackageReference section */
		5E1ACD982A3F2A1700ADA17B /* XCRemoteSwiftPackageReference "realm-swift" */ = {
			isa = XCRemoteSwiftPackageReference;
			repositoryURL = "https://github.com/realm/realm-swift.git";
			requirement = {
				branch = master;
				kind = branch;
			};
		};
/* End XCRemoteSwiftPackageReference section */

/* Begin XCSwiftPackageProductDependency section */
		5E1ACD992A3F2A1700ADA17B /* Realm */ = {
			isa = XCSwiftPackageProductDependency;
			package = 5E1ACD982A3F2A1700ADA17B /* XCRemoteSwiftPackageReference "realm-swift" */;
			productName = Realm;
		};
		5E1ACD9B2A3F2A1700ADA17B /* RealmSwift */ = {
			isa = XCSwiftPackageProductDependency;
			package = 5E1ACD982A3F2A1700ADA17B /* XCRemoteSwiftPackageReference "realm-swift" */;
			productName = RealmSwift;
		};
/* End XCSwiftPackageProductDependency section */
	};
	rootObject = 5E1ACD752A3EF68200ADA17B /* Project object */;
}
